// !$*UTF8*$!
{
	archiveVersion = 1;
	classes = {
	};
	objectVersion = 46;
	objects = {

/* Begin PBXBuildFile section */
		54138FDB17E8F7E0004699F3 /* Icon-Small-50.png in Resources */ = {isa = PBXBuildFile; fileRef = 54138FD317E8F7E0004699F3 /* Icon-Small-50.png */; };
		54138FDC17E8F7E0004699F3 /* Icon-Small-50@2x.png in Resources */ = {isa = PBXBuildFile; fileRef = 54138FD417E8F7E0004699F3 /* Icon-Small-50@2x.png */; };
		54138FDD17E8F7E0004699F3 /* Icon-Small.png in Resources */ = {isa = PBXBuildFile; fileRef = 54138FD517E8F7E0004699F3 /* Icon-Small.png */; };
		54138FDE17E8F7E0004699F3 /* Icon-Small@2x.png in Resources */ = {isa = PBXBuildFile; fileRef = 54138FD617E8F7E0004699F3 /* Icon-Small@2x.png */; };
		54138FDF17E8F7E0004699F3 /* Icon.png in Resources */ = {isa = PBXBuildFile; fileRef = 54138FD717E8F7E0004699F3 /* Icon.png */; };
		54138FE017E8F7E0004699F3 /* Icon@2x.png in Resources */ = {isa = PBXBuildFile; fileRef = 54138FD817E8F7E0004699F3 /* Icon@2x.png */; };
		54138FE117E8F7E0004699F3 /* Icon@2x~ipad.png in Resources */ = {isa = PBXBuildFile; fileRef = 54138FD917E8F7E0004699F3 /* Icon@2x~ipad.png */; };
		54138FE217E8F7E0004699F3 /* Icon~ipad.png in Resources */ = {isa = PBXBuildFile; fileRef = 54138FDA17E8F7E0004699F3 /* Icon~ipad.png */; };
		54138FE417E8F97E004699F3 /* Icon-72.png in Resources */ = {isa = PBXBuildFile; fileRef = 54138FE317E8F97E004699F3 /* Icon-72.png */; };
		54138FE617E8FBE7004699F3 /* Icon-72@2x.png in Resources */ = {isa = PBXBuildFile; fileRef = 54138FE517E8FBE7004699F3 /* Icon-72@2x.png */; };
		54138FE917EA113D004699F3 /* family_handwashing_sanitizer.html in Resources */ = {isa = PBXBuildFile; fileRef = 54138FE717EA113D004699F3 /* family_handwashing_sanitizer.html */; };
		54138FEA17EA113D004699F3 /* family_handwashing_children.html in Resources */ = {isa = PBXBuildFile; fileRef = 54138FE817EA113D004699F3 /* family_handwashing_children.html */; };
		54138FF417EB6198004699F3 /* kitchen_handwashing_hands.html in Resources */ = {isa = PBXBuildFile; fileRef = 54138FEB17EB6198004699F3 /* kitchen_handwashing_hands.html */; };
		54138FF517EB6198004699F3 /* kitchen_handwashing_starters.html in Resources */ = {isa = PBXBuildFile; fileRef = 54138FEC17EB6198004699F3 /* kitchen_handwashing_starters.html */; };
		54138FF617EB6198004699F3 /* kitchen_surfaces_choosing.html in Resources */ = {isa = PBXBuildFile; fileRef = 54138FED17EB6198004699F3 /* kitchen_surfaces_choosing.html */; };
		54138FF717EB6198004699F3 /* kitchen_surfaces_germs.html in Resources */ = {isa = PBXBuildFile; fileRef = 54138FEE17EB6198004699F3 /* kitchen_surfaces_germs.html */; };
		54138FF817EB6198004699F3 /* kitchen_surfaces_howto.html in Resources */ = {isa = PBXBuildFile; fileRef = 54138FEF17EB6198004699F3 /* kitchen_surfaces_howto.html */; };
		54138FF917EB6198004699F3 /* kitchen_surfaces_links.html in Resources */ = {isa = PBXBuildFile; fileRef = 54138FF017EB6198004699F3 /* kitchen_surfaces_links.html */; };
		54138FFA17EB6198004699F3 /* kitchen_surfaces_specialinfo.html in Resources */ = {isa = PBXBuildFile; fileRef = 54138FF117EB6198004699F3 /* kitchen_surfaces_specialinfo.html */; };
		54138FFB17EB6198004699F3 /* kitchen_surfaces_starters.html in Resources */ = {isa = PBXBuildFile; fileRef = 54138FF217EB6198004699F3 /* kitchen_surfaces_starters.html */; };
		54138FFC17EB6198004699F3 /* kitchen_surfaces_what.html in Resources */ = {isa = PBXBuildFile; fileRef = 54138FF317EB6198004699F3 /* kitchen_surfaces_what.html */; };
		5413900117EB61AB004699F3 /* eating_background.html in Resources */ = {isa = PBXBuildFile; fileRef = 54138FFD17EB61AB004699F3 /* eating_background.html */; };
		5413900217EB61AB004699F3 /* eating_handwashing_activities.html in Resources */ = {isa = PBXBuildFile; fileRef = 54138FFE17EB61AB004699F3 /* eating_handwashing_activities.html */; };
		5413900317EB61AB004699F3 /* eating_handwashing_starters.html in Resources */ = {isa = PBXBuildFile; fileRef = 54138FFF17EB61AB004699F3 /* eating_handwashing_starters.html */; };
		5413900417EB61AB004699F3 /* eating_surfaces_activity.html in Resources */ = {isa = PBXBuildFile; fileRef = 5413900017EB61AB004699F3 /* eating_surfaces_activity.html */; };
		5413900917EB61BC004699F3 /* diapering_background.html in Resources */ = {isa = PBXBuildFile; fileRef = 5413900517EB61BC004699F3 /* diapering_background.html */; };
		5413900A17EB61BC004699F3 /* diapering_handwashing_activity.html in Resources */ = {isa = PBXBuildFile; fileRef = 5413900617EB61BC004699F3 /* diapering_handwashing_activity.html */; };
		5413900B17EB61BC004699F3 /* diapering_handwashing_starters.html in Resources */ = {isa = PBXBuildFile; fileRef = 5413900717EB61BC004699F3 /* diapering_handwashing_starters.html */; };
		5413900C17EB61BC004699F3 /* diapering_surfaces_starters.html in Resources */ = {isa = PBXBuildFile; fileRef = 5413900817EB61BC004699F3 /* diapering_surfaces_starters.html */; };
		5413901417EB61C8004699F3 /* sneezing_background.html in Resources */ = {isa = PBXBuildFile; fileRef = 5413900D17EB61C8004699F3 /* sneezing_background.html */; };
		5413901517EB61C8004699F3 /* sneezing_covering_germs.html in Resources */ = {isa = PBXBuildFile; fileRef = 5413900E17EB61C8004699F3 /* sneezing_covering_germs.html */; };
		5413901617EB61C8004699F3 /* sneezing_covering_howto.html in Resources */ = {isa = PBXBuildFile; fileRef = 5413900F17EB61C8004699F3 /* sneezing_covering_howto.html */; };
		5413901717EB61C8004699F3 /* sneezing_covering_links.html in Resources */ = {isa = PBXBuildFile; fileRef = 5413901017EB61C8004699F3 /* sneezing_covering_links.html */; };
		5413901817EB61C8004699F3 /* sneezing_covering_starters.html in Resources */ = {isa = PBXBuildFile; fileRef = 5413901117EB61C8004699F3 /* sneezing_covering_starters.html */; };
		5413901917EB61C8004699F3 /* sneezing_handwashing_starters.html in Resources */ = {isa = PBXBuildFile; fileRef = 5413901217EB61C8004699F3 /* sneezing_handwashing_starters.html */; };
		5413901A17EB61C8004699F3 /* sneezing_surfaces_starters.html in Resources */ = {isa = PBXBuildFile; fileRef = 5413901317EB61C8004699F3 /* sneezing_surfaces_starters.html */; };
		5413901D17EB7070004699F3 /* acknowledgements.html in Resources */ = {isa = PBXBuildFile; fileRef = 5413901C17EB7070004699F3 /* acknowledgements.html */; };
		5413902017EBEDBF004699F3 /* iTunesArtwork@2x in Resources */ = {isa = PBXBuildFile; fileRef = 5413901E17EBEDBF004699F3 /* iTunesArtwork@2x */; };
		5413902117EBEDBF004699F3 /* iTunesArtwork in Resources */ = {isa = PBXBuildFile; fileRef = 5413901F17EBEDBF004699F3 /* iTunesArtwork */; };
		54169AF617DE31BA00C7279E /* test.html in Resources */ = {isa = PBXBuildFile; fileRef = 54169AF517DE31BA00C7279E /* test.html */; };
		54169B0417DE412F00C7279E /* htmlpage.css in Resources */ = {isa = PBXBuildFile; fileRef = 54169B0317DE412F00C7279E /* htmlpage.css */; };
		54169B0617DE429E00C7279E /* family_handwashing_germs.html in Resources */ = {isa = PBXBuildFile; fileRef = 54169B0517DE429E00C7279E /* family_handwashing_germs.html */; };
		54169B0A17DE42A900C7279E /* family_handwashing_hands.html in Resources */ = {isa = PBXBuildFile; fileRef = 54169B0717DE42A900C7279E /* family_handwashing_hands.html */; };
		54169B0B17DE42A900C7279E /* family_handwashing_howto.html in Resources */ = {isa = PBXBuildFile; fileRef = 54169B0817DE42A900C7279E /* family_handwashing_howto.html */; };
		54169B0C17DE42A900C7279E /* family_handwashing_soap.html in Resources */ = {isa = PBXBuildFile; fileRef = 54169B0917DE42A900C7279E /* family_handwashing_soap.html */; };
		54169B1917DE538800C7279E /* family_handwashing_starters.html in Resources */ = {isa = PBXBuildFile; fileRef = 54169B1517DE538800C7279E /* family_handwashing_starters.html */; };
		54169B1A17DE538800C7279E /* family_handwashing_videos.html in Resources */ = {isa = PBXBuildFile; fileRef = 54169B1617DE538800C7279E /* family_handwashing_videos.html */; };
		54169B1B17DE538800C7279E /* family_handwashing_links.html in Resources */ = {isa = PBXBuildFile; fileRef = 54169B1717DE538800C7279E /* family_handwashing_links.html */; };
		54169B1C17DE538800C7279E /* family_handwashing_activities.html in Resources */ = {isa = PBXBuildFile; fileRef = 54169B1817DE538800C7279E /* family_handwashing_activities.html */; };
		54169B1E17DEC9E600C7279E /* MediaPlayer.framework in Frameworks */ = {isa = PBXBuildFile; fileRef = 54169B1D17DEC9E500C7279E /* MediaPlayer.framework */; };
		542F855617DF9AC700B706EB /* kitchen_background.html in Resources */ = {isa = PBXBuildFile; fileRef = 542F855517DF9AC700B706EB /* kitchen_background.html */; };
		542F855817DF9AE900B706EB /* family_background.html in Resources */ = {isa = PBXBuildFile; fileRef = 542F855717DF9AE900B706EB /* family_background.html */; };
		545DF21C17E7713600274609 /* NavController.m in Sources */ = {isa = PBXBuildFile; fileRef = 545DF21B17E7713600274609 /* NavController.m */; };
		545DF23E17E8D3A500274609 /* Default-568h@2x.png in Resources */ = {isa = PBXBuildFile; fileRef = 545DF23917E8D3A500274609 /* Default-568h@2x.png */; };
		545DF23F17E8D3A500274609 /* Default.png in Resources */ = {isa = PBXBuildFile; fileRef = 545DF23A17E8D3A500274609 /* Default.png */; };
		545DF24017E8D3A500274609 /* Default@2x.png in Resources */ = {isa = PBXBuildFile; fileRef = 545DF23B17E8D3A500274609 /* Default@2x.png */; };
		545DF24117E8D3A500274609 /* Default@2x~ipad.png in Resources */ = {isa = PBXBuildFile; fileRef = 545DF23C17E8D3A500274609 /* Default@2x~ipad.png */; };
		545DF24217E8D3A500274609 /* Default~ipad.png in Resources */ = {isa = PBXBuildFile; fileRef = 545DF23D17E8D3A500274609 /* Default~ipad.png */; };
		5461CBF817F2164E0015884C /* coughing_reduced-hd.png in Resources */ = {isa = PBXBuildFile; fileRef = 5461CBF617F2164E0015884C /* coughing_reduced-hd.png */; };
		5461CBF917F2164E0015884C /* coughing_reduced.png in Resources */ = {isa = PBXBuildFile; fileRef = 5461CBF717F2164E0015884C /* coughing_reduced.png */; };
		5461CBFC17F216CE0015884C /* coughing.mov in Resources */ = {isa = PBXBuildFile; fileRef = 5461CBFB17F216CE0015884C /* coughing.mov */; };
		5461CBFE17F216E70015884C /* handwashing_revised.mov in Resources */ = {isa = PBXBuildFile; fileRef = 5461CBFD17F216E70015884C /* handwashing_revised.mov */; };
		5461CC0017F2208F0015884C /* QuartzCore.framework in Frameworks */ = {isa = PBXBuildFile; fileRef = 5461CBFF17F2208F0015884C /* QuartzCore.framework */; };
		5488EBD217D79F1D00CE26FA /* UIKit.framework in Frameworks */ = {isa = PBXBuildFile; fileRef = 5488EBD117D79F1D00CE26FA /* UIKit.framework */; };
		5488EBD417D79F1D00CE26FA /* Foundation.framework in Frameworks */ = {isa = PBXBuildFile; fileRef = 5488EBD317D79F1D00CE26FA /* Foundation.framework */; };
		5488EBD617D79F1D00CE26FA /* CoreGraphics.framework in Frameworks */ = {isa = PBXBuildFile; fileRef = 5488EBD517D79F1D00CE26FA /* CoreGraphics.framework */; };
		5488EBDC17D79F1D00CE26FA /* InfoPlist.strings in Resources */ = {isa = PBXBuildFile; fileRef = 5488EBDA17D79F1D00CE26FA /* InfoPlist.strings */; };
		5488EBDE17D79F1D00CE26FA /* main.m in Sources */ = {isa = PBXBuildFile; fileRef = 5488EBDD17D79F1D00CE26FA /* main.m */; };
		5488EBEB17D79F1D00CE26FA /* MainStoryboard_iPhone.storyboard in Resources */ = {isa = PBXBuildFile; fileRef = 5488EBE917D79F1D00CE26FA /* MainStoryboard_iPhone.storyboard */; };
		5488EBEE17D79F1D00CE26FA /* MainStoryboard_iPad.storyboard in Resources */ = {isa = PBXBuildFile; fileRef = 5488EBEC17D79F1D00CE26FA /* MainStoryboard_iPad.storyboard */; };
		5488EC0217D7AA2700CE26FA /* cough.png in Resources */ = {isa = PBXBuildFile; fileRef = 5488EBFB17D7AA2700CE26FA /* cough.png */; };
		5488EC0317D7AA2700CE26FA /* food.png in Resources */ = {isa = PBXBuildFile; fileRef = 5488EBFC17D7AA2700CE26FA /* food.png */; };
		5488EC0417D7AA2700CE26FA /* info-hd.png in Resources */ = {isa = PBXBuildFile; fileRef = 5488EBFD17D7AA2700CE26FA /* info-hd.png */; };
		5488EC0517D7AA2700CE26FA /* info.png in Resources */ = {isa = PBXBuildFile; fileRef = 5488EBFE17D7AA2700CE26FA /* info.png */; };
		5488EC0617D7AA2700CE26FA /* kitchen.png in Resources */ = {isa = PBXBuildFile; fileRef = 5488EBFF17D7AA2700CE26FA /* kitchen.png */; };
		5488EC0717D7AA2700CE26FA /* toiletpaper.png in Resources */ = {isa = PBXBuildFile; fileRef = 5488EC0017D7AA2700CE26FA /* toiletpaper.png */; };
		5488EC0817D7AA2700CE26FA /* visit.png in Resources */ = {isa = PBXBuildFile; fileRef = 5488EC0117D7AA2700CE26FA /* visit.png */; };
		54891CE317E0BD50009C978D /* VideoNode.m in Sources */ = {isa = PBXBuildFile; fileRef = 54891CE217E0BD50009C978D /* VideoNode.m */; };
		54891CE817E0BD81009C978D /* VideoList.m in Sources */ = {isa = PBXBuildFile; fileRef = 54891CE517E0BD81009C978D /* VideoList.m */; };
		54891CE917E0BD81009C978D /* VideoPlayer.m in Sources */ = {isa = PBXBuildFile; fileRef = 54891CE717E0BD81009C978D /* VideoPlayer.m */; };
		54891CF217E0BE3B009C978D /* Section.m in Sources */ = {isa = PBXBuildFile; fileRef = 54891CED17E0BE3B009C978D /* Section.m */; };
		54891CF317E0BE3B009C978D /* SubTopic.m in Sources */ = {isa = PBXBuildFile; fileRef = 54891CEF17E0BE3B009C978D /* SubTopic.m */; };
		54891CF417E0BE3B009C978D /* Topic.m in Sources */ = {isa = PBXBuildFile; fileRef = 54891CF117E0BE3B009C978D /* Topic.m */; };
		54891CFC17E0BF83009C978D /* headstart_appAppDelegate.m in Sources */ = {isa = PBXBuildFile; fileRef = 54891CFB17E0BF83009C978D /* headstart_appAppDelegate.m */; };
		54891CFF17E0BFCB009C978D /* XMLParser.m in Sources */ = {isa = PBXBuildFile; fileRef = 54891CFE17E0BFCB009C978D /* XMLParser.m */; };
		54891D1A17E0C563009C978D /* TertScreen.m in Sources */ = {isa = PBXBuildFile; fileRef = 54891D1917E0C563009C978D /* TertScreen.m */; };
		54891D2417E0C5B7009C978D /* InfoScreen.m in Sources */ = {isa = PBXBuildFile; fileRef = 54891D1F17E0C5B7009C978D /* InfoScreen.m */; };
		54891D2517E0C5B7009C978D /* SecScreen.m in Sources */ = {isa = PBXBuildFile; fileRef = 54891D2117E0C5B7009C978D /* SecScreen.m */; };
		54891D2617E0C5B7009C978D /* WebSlinger.m in Sources */ = {isa = PBXBuildFile; fileRef = 54891D2317E0C5B7009C978D /* WebSlinger.m */; };
		54891D2D17E0C61F009C978D /* headstart_appViewController.m in Sources */ = {isa = PBXBuildFile; fileRef = 54891D2B17E0C612009C978D /* headstart_appViewController.m */; };
		54891D3917E0E59D009C978D /* handwashing_horiz_reduced.png in Resources */ = {isa = PBXBuildFile; fileRef = 54891D3717E0E59D009C978D /* handwashing_horiz_reduced.png */; };
		54891D3A17E0E59D009C978D /* handwashing_vert_reduced.png in Resources */ = {isa = PBXBuildFile; fileRef = 54891D3817E0E59D009C978D /* handwashing_vert_reduced.png */; };
		54891D3D17E0E9C7009C978D /* play_icon.png in Resources */ = {isa = PBXBuildFile; fileRef = 54891D3C17E0E9C7009C978D /* play_icon.png */; };
		54891D4317E24827009C978D /* SimBrowser.m in Sources */ = {isa = PBXBuildFile; fileRef = 54891D4217E24826009C978D /* SimBrowser.m */; };
		54BC112B17E34A9F00B9616C /* MessageUI.framework in Frameworks */ = {isa = PBXBuildFile; fileRef = 54BC112A17E34A9F00B9616C /* MessageUI.framework */; };
		54BC112E17E34AD700B9616C /* ContactScreen.m in Sources */ = {isa = PBXBuildFile; fileRef = 54BC112D17E34AD700B9616C /* ContactScreen.m */; };
		54BC113117E4BA5000B9616C /* AboutScreen.m in Sources */ = {isa = PBXBuildFile; fileRef = 54BC113017E4BA4F00B9616C /* AboutScreen.m */; };
		54CD230D17F9F0F9002851D5 /* diapering_surfaces_links.html in Resources */ = {isa = PBXBuildFile; fileRef = 54CD230C17F9F0F9002851D5 /* diapering_surfaces_links.html */; };
		54CD230F17FB5FBD002851D5 /* Default-568h.png in Resources */ = {isa = PBXBuildFile; fileRef = 54CD230E17FB5FBD002851D5 /* Default-568h.png */; };
		54F5C48417DA40A1001D1368 /* appdata.xml in Resources */ = {isa = PBXBuildFile; fileRef = 54F5C48317DA40A1001D1368 /* appdata.xml */; };
		6271A8391961F27500814488 /* Icon-120.png in Resources */ = {isa = PBXBuildFile; fileRef = 6271A8381961F27500814488 /* Icon-120.png */; };
		6275B4D718D3A49D00131C0B /* sneezing_covering_activity.html in Resources */ = {isa = PBXBuildFile; fileRef = 6275B4D618D3A49D00131C0B /* sneezing_covering_activity.html */; };
		6275B4D918D491FF00131C0B /* diapering_surfaces_germs.html in Resources */ = {isa = PBXBuildFile; fileRef = 6275B4D818D491FF00131C0B /* diapering_surfaces_germs.html */; };
		6275B4DB18D4938400131C0B /* diapering_surfaces_what.html in Resources */ = {isa = PBXBuildFile; fileRef = 6275B4DA18D4938300131C0B /* diapering_surfaces_what.html */; };
		6275B4DD18D4A51E00131C0B /* sneezing_surfaces_activity.html in Resources */ = {isa = PBXBuildFile; fileRef = 6275B4DC18D4A51E00131C0B /* sneezing_surfaces_activity.html */; };
		62C1260C18E494C50019D669 /* sneezing_handwashing_links.html in Resources */ = {isa = PBXBuildFile; fileRef = 62C1260B18E494C50019D669 /* sneezing_handwashing_links.html */; };
/* End PBXBuildFile section */

/* Begin PBXFileReference section */
		54138FD317E8F7E0004699F3 /* Icon-Small-50.png */ = {isa = PBXFileReference; lastKnownFileType = image.png; name = "Icon-Small-50.png"; path = "images/app-icons/Icon-Small-50.png"; sourceTree = "<group>"; };
		54138FD417E8F7E0004699F3 /* Icon-Small-50@2x.png */ = {isa = PBXFileReference; lastKnownFileType = image.png; name = "Icon-Small-50@2x.png"; path = "images/app-icons/Icon-Small-50@2x.png"; sourceTree = "<group>"; };
		54138FD517E8F7E0004699F3 /* Icon-Small.png */ = {isa = PBXFileReference; lastKnownFileType = image.png; name = "Icon-Small.png"; path = "images/app-icons/Icon-Small.png"; sourceTree = "<group>"; };
		54138FD617E8F7E0004699F3 /* Icon-Small@2x.png */ = {isa = PBXFileReference; lastKnownFileType = image.png; name = "Icon-Small@2x.png"; path = "images/app-icons/Icon-Small@2x.png"; sourceTree = "<group>"; };
		54138FD717E8F7E0004699F3 /* Icon.png */ = {isa = PBXFileReference; lastKnownFileType = image.png; name = Icon.png; path = "images/app-icons/Icon.png"; sourceTree = "<group>"; };
		54138FD817E8F7E0004699F3 /* Icon@2x.png */ = {isa = PBXFileReference; lastKnownFileType = image.png; name = "Icon@2x.png"; path = "images/app-icons/Icon@2x.png"; sourceTree = "<group>"; };
		54138FD917E8F7E0004699F3 /* Icon@2x~ipad.png */ = {isa = PBXFileReference; lastKnownFileType = image.png; name = "Icon@2x~ipad.png"; path = "images/app-icons/Icon@2x~ipad.png"; sourceTree = "<group>"; };
		54138FDA17E8F7E0004699F3 /* Icon~ipad.png */ = {isa = PBXFileReference; lastKnownFileType = image.png; name = "Icon~ipad.png"; path = "images/app-icons/Icon~ipad.png"; sourceTree = "<group>"; };
		54138FE317E8F97E004699F3 /* Icon-72.png */ = {isa = PBXFileReference; lastKnownFileType = image.png; name = "Icon-72.png"; path = "images/app-icons/Icon-72.png"; sourceTree = "<group>"; };
		54138FE517E8FBE7004699F3 /* Icon-72@2x.png */ = {isa = PBXFileReference; lastKnownFileType = image.png; name = "Icon-72@2x.png"; path = "images/app-icons/Icon-72@2x.png"; sourceTree = "<group>"; };
		54138FE717EA113D004699F3 /* family_handwashing_sanitizer.html */ = {isa = PBXFileReference; fileEncoding = 4; lastKnownFileType = text.html; name = family_handwashing_sanitizer.html; path = webpages/family/family_handwashing_sanitizer.html; sourceTree = "<group>"; };
		54138FE817EA113D004699F3 /* family_handwashing_children.html */ = {isa = PBXFileReference; fileEncoding = 4; lastKnownFileType = text.html; name = family_handwashing_children.html; path = webpages/family/family_handwashing_children.html; sourceTree = "<group>"; };
		54138FEB17EB6198004699F3 /* kitchen_handwashing_hands.html */ = {isa = PBXFileReference; fileEncoding = 4; lastKnownFileType = text.html; name = kitchen_handwashing_hands.html; path = webpages/kitchen/kitchen_handwashing_hands.html; sourceTree = "<group>"; };
		54138FEC17EB6198004699F3 /* kitchen_handwashing_starters.html */ = {isa = PBXFileReference; fileEncoding = 4; lastKnownFileType = text.html; name = kitchen_handwashing_starters.html; path = webpages/kitchen/kitchen_handwashing_starters.html; sourceTree = "<group>"; };
		54138FED17EB6198004699F3 /* kitchen_surfaces_choosing.html */ = {isa = PBXFileReference; fileEncoding = 4; lastKnownFileType = text.html; name = kitchen_surfaces_choosing.html; path = webpages/kitchen/kitchen_surfaces_choosing.html; sourceTree = "<group>"; };
		54138FEE17EB6198004699F3 /* kitchen_surfaces_germs.html */ = {isa = PBXFileReference; fileEncoding = 4; lastKnownFileType = text.html; name = kitchen_surfaces_germs.html; path = webpages/kitchen/kitchen_surfaces_germs.html; sourceTree = "<group>"; };
		54138FEF17EB6198004699F3 /* kitchen_surfaces_howto.html */ = {isa = PBXFileReference; fileEncoding = 4; lastKnownFileType = text.html; name = kitchen_surfaces_howto.html; path = webpages/kitchen/kitchen_surfaces_howto.html; sourceTree = "<group>"; };
		54138FF017EB6198004699F3 /* kitchen_surfaces_links.html */ = {isa = PBXFileReference; fileEncoding = 4; lastKnownFileType = text.html; name = kitchen_surfaces_links.html; path = webpages/kitchen/kitchen_surfaces_links.html; sourceTree = "<group>"; };
		54138FF117EB6198004699F3 /* kitchen_surfaces_specialinfo.html */ = {isa = PBXFileReference; fileEncoding = 4; lastKnownFileType = text.html; name = kitchen_surfaces_specialinfo.html; path = webpages/kitchen/kitchen_surfaces_specialinfo.html; sourceTree = "<group>"; };
		54138FF217EB6198004699F3 /* kitchen_surfaces_starters.html */ = {isa = PBXFileReference; fileEncoding = 4; lastKnownFileType = text.html; name = kitchen_surfaces_starters.html; path = webpages/kitchen/kitchen_surfaces_starters.html; sourceTree = "<group>"; };
		54138FF317EB6198004699F3 /* kitchen_surfaces_what.html */ = {isa = PBXFileReference; fileEncoding = 4; lastKnownFileType = text.html; name = kitchen_surfaces_what.html; path = webpages/kitchen/kitchen_surfaces_what.html; sourceTree = "<group>"; };
		54138FFD17EB61AB004699F3 /* eating_background.html */ = {isa = PBXFileReference; fileEncoding = 4; lastKnownFileType = text.html; name = eating_background.html; path = webpages/eating/eating_background.html; sourceTree = "<group>"; };
		54138FFE17EB61AB004699F3 /* eating_handwashing_activities.html */ = {isa = PBXFileReference; fileEncoding = 4; lastKnownFileType = text.html; name = eating_handwashing_activities.html; path = webpages/eating/eating_handwashing_activities.html; sourceTree = "<group>"; };
		54138FFF17EB61AB004699F3 /* eating_handwashing_starters.html */ = {isa = PBXFileReference; fileEncoding = 4; lastKnownFileType = text.html; name = eating_handwashing_starters.html; path = webpages/eating/eating_handwashing_starters.html; sourceTree = "<group>"; };
		5413900017EB61AB004699F3 /* eating_surfaces_activity.html */ = {isa = PBXFileReference; fileEncoding = 4; lastKnownFileType = text.html; name = eating_surfaces_activity.html; path = webpages/eating/eating_surfaces_activity.html; sourceTree = "<group>"; };
		5413900517EB61BC004699F3 /* diapering_background.html */ = {isa = PBXFileReference; fileEncoding = 4; lastKnownFileType = text.html; name = diapering_background.html; path = webpages/diapering/diapering_background.html; sourceTree = "<group>"; };
		5413900617EB61BC004699F3 /* diapering_handwashing_activity.html */ = {isa = PBXFileReference; fileEncoding = 4; lastKnownFileType = text.html; name = diapering_handwashing_activity.html; path = webpages/diapering/diapering_handwashing_activity.html; sourceTree = "<group>"; };
		5413900717EB61BC004699F3 /* diapering_handwashing_starters.html */ = {isa = PBXFileReference; fileEncoding = 4; lastKnownFileType = text.html; name = diapering_handwashing_starters.html; path = webpages/diapering/diapering_handwashing_starters.html; sourceTree = "<group>"; };
		5413900817EB61BC004699F3 /* diapering_surfaces_starters.html */ = {isa = PBXFileReference; fileEncoding = 4; lastKnownFileType = text.html; name = diapering_surfaces_starters.html; path = webpages/diapering/diapering_surfaces_starters.html; sourceTree = "<group>"; };
		5413900D17EB61C8004699F3 /* sneezing_background.html */ = {isa = PBXFileReference; fileEncoding = 4; lastKnownFileType = text.html; name = sneezing_background.html; path = webpages/sneezing/sneezing_background.html; sourceTree = "<group>"; };
		5413900E17EB61C8004699F3 /* sneezing_covering_germs.html */ = {isa = PBXFileReference; fileEncoding = 4; lastKnownFileType = text.html; name = sneezing_covering_germs.html; path = webpages/sneezing/sneezing_covering_germs.html; sourceTree = "<group>"; };
		5413900F17EB61C8004699F3 /* sneezing_covering_howto.html */ = {isa = PBXFileReference; fileEncoding = 4; lastKnownFileType = text.html; name = sneezing_covering_howto.html; path = webpages/sneezing/sneezing_covering_howto.html; sourceTree = "<group>"; };
		5413901017EB61C8004699F3 /* sneezing_covering_links.html */ = {isa = PBXFileReference; fileEncoding = 4; lastKnownFileType = text.html; name = sneezing_covering_links.html; path = webpages/sneezing/sneezing_covering_links.html; sourceTree = "<group>"; };
		5413901117EB61C8004699F3 /* sneezing_covering_starters.html */ = {isa = PBXFileReference; fileEncoding = 4; lastKnownFileType = text.html; name = sneezing_covering_starters.html; path = webpages/sneezing/sneezing_covering_starters.html; sourceTree = "<group>"; };
		5413901217EB61C8004699F3 /* sneezing_handwashing_starters.html */ = {isa = PBXFileReference; fileEncoding = 4; lastKnownFileType = text.html; name = sneezing_handwashing_starters.html; path = webpages/sneezing/sneezing_handwashing_starters.html; sourceTree = "<group>"; };
		5413901317EB61C8004699F3 /* sneezing_surfaces_starters.html */ = {isa = PBXFileReference; fileEncoding = 4; lastKnownFileType = text.html; name = sneezing_surfaces_starters.html; path = webpages/sneezing/sneezing_surfaces_starters.html; sourceTree = "<group>"; };
		5413901C17EB7070004699F3 /* acknowledgements.html */ = {isa = PBXFileReference; fileEncoding = 4; lastKnownFileType = text.html; name = acknowledgements.html; path = webpages/intro/acknowledgements.html; sourceTree = "<group>"; };
		5413901E17EBEDBF004699F3 /* iTunesArtwork@2x */ = {isa = PBXFileReference; lastKnownFileType = file; path = "iTunesArtwork@2x"; sourceTree = "<group>"; };
		5413901F17EBEDBF004699F3 /* iTunesArtwork */ = {isa = PBXFileReference; lastKnownFileType = file; path = iTunesArtwork; sourceTree = "<group>"; };
		54169AF517DE31BA00C7279E /* test.html */ = {isa = PBXFileReference; fileEncoding = 4; lastKnownFileType = text.html; path = test.html; sourceTree = "<group>"; };
		54169AFA17DE3E5D00C7279E /* healthmoments-Prefix.pch */ = {isa = PBXFileReference; fileEncoding = 4; lastKnownFileType = sourcecode.c.h; path = "healthmoments-Prefix.pch"; sourceTree = "<group>"; };
		54169B0317DE412F00C7279E /* htmlpage.css */ = {isa = PBXFileReference; fileEncoding = 4; lastKnownFileType = text.css; name = htmlpage.css; path = webpages/htmlpage.css; sourceTree = "<group>"; };
		54169B0517DE429E00C7279E /* family_handwashing_germs.html */ = {isa = PBXFileReference; fileEncoding = 4; lastKnownFileType = text.html; name = family_handwashing_germs.html; path = webpages/family/family_handwashing_germs.html; sourceTree = "<group>"; };
		54169B0717DE42A900C7279E /* family_handwashing_hands.html */ = {isa = PBXFileReference; fileEncoding = 4; lastKnownFileType = text.html; name = family_handwashing_hands.html; path = webpages/family/family_handwashing_hands.html; sourceTree = "<group>"; };
		54169B0817DE42A900C7279E /* family_handwashing_howto.html */ = {isa = PBXFileReference; fileEncoding = 4; lastKnownFileType = text.html; name = family_handwashing_howto.html; path = webpages/family/family_handwashing_howto.html; sourceTree = "<group>"; };
		54169B0917DE42A900C7279E /* family_handwashing_soap.html */ = {isa = PBXFileReference; fileEncoding = 4; lastKnownFileType = text.html; name = family_handwashing_soap.html; path = webpages/family/family_handwashing_soap.html; sourceTree = "<group>"; };
		54169B1517DE538800C7279E /* family_handwashing_starters.html */ = {isa = PBXFileReference; fileEncoding = 4; lastKnownFileType = text.html; name = family_handwashing_starters.html; path = webpages/family/family_handwashing_starters.html; sourceTree = "<group>"; };
		54169B1617DE538800C7279E /* family_handwashing_videos.html */ = {isa = PBXFileReference; fileEncoding = 4; lastKnownFileType = text.html; name = family_handwashing_videos.html; path = webpages/family/family_handwashing_videos.html; sourceTree = "<group>"; };
		54169B1717DE538800C7279E /* family_handwashing_links.html */ = {isa = PBXFileReference; fileEncoding = 4; lastKnownFileType = text.html; name = family_handwashing_links.html; path = webpages/family/family_handwashing_links.html; sourceTree = "<group>"; };
		54169B1817DE538800C7279E /* family_handwashing_activities.html */ = {isa = PBXFileReference; fileEncoding = 4; lastKnownFileType = text.html; name = family_handwashing_activities.html; path = webpages/family/family_handwashing_activities.html; sourceTree = "<group>"; };
		54169B1D17DEC9E500C7279E /* MediaPlayer.framework */ = {isa = PBXFileReference; lastKnownFileType = wrapper.framework; name = MediaPlayer.framework; path = System/Library/Frameworks/MediaPlayer.framework; sourceTree = SDKROOT; };
		542F855517DF9AC700B706EB /* kitchen_background.html */ = {isa = PBXFileReference; fileEncoding = 4; lastKnownFileType = text.html; name = kitchen_background.html; path = webpages/kitchen/kitchen_background.html; sourceTree = "<group>"; };
		542F855717DF9AE900B706EB /* family_background.html */ = {isa = PBXFileReference; fileEncoding = 4; lastKnownFileType = text.html; name = family_background.html; path = webpages/family/family_background.html; sourceTree = "<group>"; };
		545DF21A17E7713600274609 /* NavController.h */ = {isa = PBXFileReference; fileEncoding = 4; lastKnownFileType = sourcecode.c.h; path = NavController.h; sourceTree = "<group>"; };
		545DF21B17E7713600274609 /* NavController.m */ = {isa = PBXFileReference; fileEncoding = 4; lastKnownFileType = sourcecode.c.objc; path = NavController.m; sourceTree = "<group>"; };
		545DF23917E8D3A500274609 /* Default-568h@2x.png */ = {isa = PBXFileReference; lastKnownFileType = image.png; name = "Default-568h@2x.png"; path = "images/launch-images/Default-568h@2x.png"; sourceTree = "<group>"; };
		545DF23A17E8D3A500274609 /* Default.png */ = {isa = PBXFileReference; lastKnownFileType = image.png; name = Default.png; path = "images/launch-images/Default.png"; sourceTree = "<group>"; };
		545DF23B17E8D3A500274609 /* Default@2x.png */ = {isa = PBXFileReference; lastKnownFileType = image.png; name = "Default@2x.png"; path = "images/launch-images/Default@2x.png"; sourceTree = "<group>"; };
		545DF23C17E8D3A500274609 /* Default@2x~ipad.png */ = {isa = PBXFileReference; lastKnownFileType = image.png; name = "Default@2x~ipad.png"; path = "images/launch-images/Default@2x~ipad.png"; sourceTree = "<group>"; };
		545DF23D17E8D3A500274609 /* Default~ipad.png */ = {isa = PBXFileReference; lastKnownFileType = image.png; name = "Default~ipad.png"; path = "images/launch-images/Default~ipad.png"; sourceTree = "<group>"; };
		5461CBF617F2164E0015884C /* coughing_reduced-hd.png */ = {isa = PBXFileReference; lastKnownFileType = image.png; name = "coughing_reduced-hd.png"; path = "images/thumbnails/coughing_reduced-hd.png"; sourceTree = "<group>"; };
		5461CBF717F2164E0015884C /* coughing_reduced.png */ = {isa = PBXFileReference; lastKnownFileType = image.png; name = coughing_reduced.png; path = images/thumbnails/coughing_reduced.png; sourceTree = "<group>"; };
		5461CBFB17F216CE0015884C /* coughing.mov */ = {isa = PBXFileReference; lastKnownFileType = video.quicktime; name = coughing.mov; path = videos/cough/coughing.mov; sourceTree = "<group>"; };
		5461CBFD17F216E70015884C /* handwashing_revised.mov */ = {isa = PBXFileReference; lastKnownFileType = video.quicktime; name = handwashing_revised.mov; path = videos/family/handwashing_revised.mov; sourceTree = "<group>"; };
		5461CBFF17F2208F0015884C /* QuartzCore.framework */ = {isa = PBXFileReference; lastKnownFileType = wrapper.framework; name = QuartzCore.framework; path = System/Library/Frameworks/QuartzCore.framework; sourceTree = SDKROOT; };
		5488EBCE17D79F1D00CE26FA /* healthmoments.app */ = {isa = PBXFileReference; explicitFileType = wrapper.application; includeInIndex = 0; path = healthmoments.app; sourceTree = BUILT_PRODUCTS_DIR; };
		5488EBD117D79F1D00CE26FA /* UIKit.framework */ = {isa = PBXFileReference; lastKnownFileType = wrapper.framework; name = UIKit.framework; path = System/Library/Frameworks/UIKit.framework; sourceTree = SDKROOT; };
		5488EBD317D79F1D00CE26FA /* Foundation.framework */ = {isa = PBXFileReference; lastKnownFileType = wrapper.framework; name = Foundation.framework; path = System/Library/Frameworks/Foundation.framework; sourceTree = SDKROOT; };
		5488EBD517D79F1D00CE26FA /* CoreGraphics.framework */ = {isa = PBXFileReference; lastKnownFileType = wrapper.framework; name = CoreGraphics.framework; path = System/Library/Frameworks/CoreGraphics.framework; sourceTree = SDKROOT; };
		5488EBD917D79F1D00CE26FA /* healthmoments-Info.plist */ = {isa = PBXFileReference; lastKnownFileType = text.plist.xml; path = "healthmoments-Info.plist"; sourceTree = "<group>"; };
		5488EBDB17D79F1D00CE26FA /* en */ = {isa = PBXFileReference; lastKnownFileType = text.plist.strings; name = en; path = en.lproj/InfoPlist.strings; sourceTree = "<group>"; };
		5488EBDD17D79F1D00CE26FA /* main.m */ = {isa = PBXFileReference; lastKnownFileType = sourcecode.c.objc; path = main.m; sourceTree = "<group>"; };
		5488EBEA17D79F1D00CE26FA /* en */ = {isa = PBXFileReference; lastKnownFileType = file.storyboard; name = en; path = en.lproj/MainStoryboard_iPhone.storyboard; sourceTree = "<group>"; };
		5488EBED17D79F1D00CE26FA /* en */ = {isa = PBXFileReference; lastKnownFileType = file.storyboard; name = en; path = en.lproj/MainStoryboard_iPad.storyboard; sourceTree = "<group>"; };
		5488EBFB17D7AA2700CE26FA /* cough.png */ = {isa = PBXFileReference; lastKnownFileType = image.png; name = cough.png; path = images/buttons/cough.png; sourceTree = "<group>"; };
		5488EBFC17D7AA2700CE26FA /* food.png */ = {isa = PBXFileReference; lastKnownFileType = image.png; name = food.png; path = images/buttons/food.png; sourceTree = "<group>"; };
		5488EBFD17D7AA2700CE26FA /* info-hd.png */ = {isa = PBXFileReference; lastKnownFileType = image.png; name = "info-hd.png"; path = "images/buttons/info-hd.png"; sourceTree = "<group>"; };
		5488EBFE17D7AA2700CE26FA /* info.png */ = {isa = PBXFileReference; lastKnownFileType = image.png; name = info.png; path = images/buttons/info.png; sourceTree = "<group>"; };
		5488EBFF17D7AA2700CE26FA /* kitchen.png */ = {isa = PBXFileReference; lastKnownFileType = image.png; name = kitchen.png; path = images/buttons/kitchen.png; sourceTree = "<group>"; };
		5488EC0017D7AA2700CE26FA /* toiletpaper.png */ = {isa = PBXFileReference; lastKnownFileType = image.png; name = toiletpaper.png; path = images/buttons/toiletpaper.png; sourceTree = "<group>"; };
		5488EC0117D7AA2700CE26FA /* visit.png */ = {isa = PBXFileReference; lastKnownFileType = image.png; name = visit.png; path = images/buttons/visit.png; sourceTree = "<group>"; };
		54891CE117E0BD50009C978D /* VideoNode.h */ = {isa = PBXFileReference; fileEncoding = 4; lastKnownFileType = sourcecode.c.h; name = VideoNode.h; path = "Video Classes/VideoNode.h"; sourceTree = "<group>"; };
		54891CE217E0BD50009C978D /* VideoNode.m */ = {isa = PBXFileReference; fileEncoding = 4; lastKnownFileType = sourcecode.c.objc; name = VideoNode.m; path = "Video Classes/VideoNode.m"; sourceTree = "<group>"; };
		54891CE417E0BD81009C978D /* VideoList.h */ = {isa = PBXFileReference; fileEncoding = 4; lastKnownFileType = sourcecode.c.h; name = VideoList.h; path = "Video Classes/VideoList.h"; sourceTree = "<group>"; };
		54891CE517E0BD81009C978D /* VideoList.m */ = {isa = PBXFileReference; fileEncoding = 4; lastKnownFileType = sourcecode.c.objc; name = VideoList.m; path = "Video Classes/VideoList.m"; sourceTree = "<group>"; };
		54891CE617E0BD81009C978D /* VideoPlayer.h */ = {isa = PBXFileReference; fileEncoding = 4; lastKnownFileType = sourcecode.c.h; name = VideoPlayer.h; path = "Video Classes/VideoPlayer.h"; sourceTree = "<group>"; };
		54891CE717E0BD81009C978D /* VideoPlayer.m */ = {isa = PBXFileReference; fileEncoding = 4; lastKnownFileType = sourcecode.c.objc; name = VideoPlayer.m; path = "Video Classes/VideoPlayer.m"; sourceTree = "<group>"; };
		54891CEC17E0BE3B009C978D /* Section.h */ = {isa = PBXFileReference; fileEncoding = 4; lastKnownFileType = sourcecode.c.h; name = Section.h; path = "Node Classes/Section.h"; sourceTree = "<group>"; };
		54891CED17E0BE3B009C978D /* Section.m */ = {isa = PBXFileReference; fileEncoding = 4; lastKnownFileType = sourcecode.c.objc; name = Section.m; path = "Node Classes/Section.m"; sourceTree = "<group>"; };
		54891CEE17E0BE3B009C978D /* SubTopic.h */ = {isa = PBXFileReference; fileEncoding = 4; lastKnownFileType = sourcecode.c.h; name = SubTopic.h; path = "Node Classes/SubTopic.h"; sourceTree = "<group>"; };
		54891CEF17E0BE3B009C978D /* SubTopic.m */ = {isa = PBXFileReference; fileEncoding = 4; lastKnownFileType = sourcecode.c.objc; name = SubTopic.m; path = "Node Classes/SubTopic.m"; sourceTree = "<group>"; };
		54891CF017E0BE3B009C978D /* Topic.h */ = {isa = PBXFileReference; fileEncoding = 4; lastKnownFileType = sourcecode.c.h; name = Topic.h; path = "Node Classes/Topic.h"; sourceTree = "<group>"; };
		54891CF117E0BE3B009C978D /* Topic.m */ = {isa = PBXFileReference; fileEncoding = 4; lastKnownFileType = sourcecode.c.objc; name = Topic.m; path = "Node Classes/Topic.m"; sourceTree = "<group>"; };
		54891CFA17E0BF72009C978D /* headstart_appAppDelegate.h */ = {isa = PBXFileReference; lastKnownFileType = sourcecode.c.h; path = headstart_appAppDelegate.h; sourceTree = "<group>"; };
		54891CFB17E0BF83009C978D /* headstart_appAppDelegate.m */ = {isa = PBXFileReference; fileEncoding = 4; lastKnownFileType = sourcecode.c.objc; path = headstart_appAppDelegate.m; sourceTree = "<group>"; };
		54891CFD17E0BFB2009C978D /* XMLParser.h */ = {isa = PBXFileReference; fileEncoding = 4; lastKnownFileType = sourcecode.c.h; path = XMLParser.h; sourceTree = "<group>"; };
		54891CFE17E0BFCB009C978D /* XMLParser.m */ = {isa = PBXFileReference; fileEncoding = 4; lastKnownFileType = sourcecode.c.objc; path = XMLParser.m; sourceTree = "<group>"; };
		54891D1817E0C563009C978D /* TertScreen.h */ = {isa = PBXFileReference; fileEncoding = 4; lastKnownFileType = sourcecode.c.h; name = TertScreen.h; path = "Screen Classes/TertScreen.h"; sourceTree = "<group>"; };
		54891D1917E0C563009C978D /* TertScreen.m */ = {isa = PBXFileReference; fileEncoding = 4; lastKnownFileType = sourcecode.c.objc; name = TertScreen.m; path = "Screen Classes/TertScreen.m"; sourceTree = "<group>"; };
		54891D1E17E0C5B7009C978D /* InfoScreen.h */ = {isa = PBXFileReference; fileEncoding = 4; lastKnownFileType = sourcecode.c.h; name = InfoScreen.h; path = "Screen Classes/InfoScreen.h"; sourceTree = "<group>"; };
		54891D1F17E0C5B7009C978D /* InfoScreen.m */ = {isa = PBXFileReference; fileEncoding = 4; lastKnownFileType = sourcecode.c.objc; name = InfoScreen.m; path = "Screen Classes/InfoScreen.m"; sourceTree = "<group>"; };
		54891D2017E0C5B7009C978D /* SecScreen.h */ = {isa = PBXFileReference; fileEncoding = 4; lastKnownFileType = sourcecode.c.h; name = SecScreen.h; path = "Screen Classes/SecScreen.h"; sourceTree = "<group>"; };
		54891D2117E0C5B7009C978D /* SecScreen.m */ = {isa = PBXFileReference; fileEncoding = 4; lastKnownFileType = sourcecode.c.objc; name = SecScreen.m; path = "Screen Classes/SecScreen.m"; sourceTree = "<group>"; };
		54891D2217E0C5B7009C978D /* WebSlinger.h */ = {isa = PBXFileReference; fileEncoding = 4; lastKnownFileType = sourcecode.c.h; name = WebSlinger.h; path = "Screen Classes/WebSlinger.h"; sourceTree = "<group>"; };
		54891D2317E0C5B7009C978D /* WebSlinger.m */ = {isa = PBXFileReference; fileEncoding = 4; lastKnownFileType = sourcecode.c.objc; name = WebSlinger.m; path = "Screen Classes/WebSlinger.m"; sourceTree = "<group>"; };
		54891D2A17E0C612009C978D /* headstart_appViewController.h */ = {isa = PBXFileReference; lastKnownFileType = sourcecode.c.h; name = headstart_appViewController.h; path = "Screen Classes/headstart_appViewController.h"; sourceTree = "<group>"; };
		54891D2B17E0C612009C978D /* headstart_appViewController.m */ = {isa = PBXFileReference; lastKnownFileType = sourcecode.c.objc; name = headstart_appViewController.m; path = "Screen Classes/headstart_appViewController.m"; sourceTree = "<group>"; };
		54891D3717E0E59D009C978D /* handwashing_horiz_reduced.png */ = {isa = PBXFileReference; lastKnownFileType = image.png; name = handwashing_horiz_reduced.png; path = images/thumbnails/handwashing_horiz_reduced.png; sourceTree = "<group>"; };
		54891D3817E0E59D009C978D /* handwashing_vert_reduced.png */ = {isa = PBXFileReference; lastKnownFileType = image.png; name = handwashing_vert_reduced.png; path = images/thumbnails/handwashing_vert_reduced.png; sourceTree = "<group>"; };
		54891D3C17E0E9C7009C978D /* play_icon.png */ = {isa = PBXFileReference; lastKnownFileType = image.png; name = play_icon.png; path = images/utility/play_icon.png; sourceTree = "<group>"; };
		54891D4117E24826009C978D /* SimBrowser.h */ = {isa = PBXFileReference; fileEncoding = 4; lastKnownFileType = sourcecode.c.h; name = SimBrowser.h; path = "Screen Classes/SimBrowser.h"; sourceTree = "<group>"; };
		54891D4217E24826009C978D /* SimBrowser.m */ = {isa = PBXFileReference; fileEncoding = 4; lastKnownFileType = sourcecode.c.objc; name = SimBrowser.m; path = "Screen Classes/SimBrowser.m"; sourceTree = "<group>"; };
		54BC112A17E34A9F00B9616C /* MessageUI.framework */ = {isa = PBXFileReference; lastKnownFileType = wrapper.framework; name = MessageUI.framework; path = System/Library/Frameworks/MessageUI.framework; sourceTree = SDKROOT; };
		54BC112C17E34AD700B9616C /* ContactScreen.h */ = {isa = PBXFileReference; fileEncoding = 4; lastKnownFileType = sourcecode.c.h; path = ContactScreen.h; sourceTree = "<group>"; };
		54BC112D17E34AD700B9616C /* ContactScreen.m */ = {isa = PBXFileReference; fileEncoding = 4; lastKnownFileType = sourcecode.c.objc; path = ContactScreen.m; sourceTree = "<group>"; };
		54BC112F17E4BA4F00B9616C /* AboutScreen.h */ = {isa = PBXFileReference; fileEncoding = 4; lastKnownFileType = sourcecode.c.h; path = AboutScreen.h; sourceTree = "<group>"; };
		54BC113017E4BA4F00B9616C /* AboutScreen.m */ = {isa = PBXFileReference; fileEncoding = 4; lastKnownFileType = sourcecode.c.objc; path = AboutScreen.m; sourceTree = "<group>"; };
		54CD230C17F9F0F9002851D5 /* diapering_surfaces_links.html */ = {isa = PBXFileReference; fileEncoding = 4; lastKnownFileType = text.html; path = diapering_surfaces_links.html; sourceTree = "<group>"; };
		54CD230E17FB5FBD002851D5 /* Default-568h.png */ = {isa = PBXFileReference; lastKnownFileType = image.png; name = "Default-568h.png"; path = "images/launch-images/Default-568h.png"; sourceTree = "<group>"; };
		54F5C48317DA40A1001D1368 /* appdata.xml */ = {isa = PBXFileReference; fileEncoding = 4; lastKnownFileType = text.xml; path = appdata.xml; sourceTree = "<group>"; };
		6271A8381961F27500814488 /* Icon-120.png */ = {isa = PBXFileReference; lastKnownFileType = image.png; name = "Icon-120.png"; path = "images/app-icons/Icon-120.png"; sourceTree = "<group>"; };
		6275B4D618D3A49D00131C0B /* sneezing_covering_activity.html */ = {isa = PBXFileReference; fileEncoding = 4; lastKnownFileType = text.html; name = sneezing_covering_activity.html; path = webpages/sneezing/sneezing_covering_activity.html; sourceTree = "<group>"; };
		6275B4D818D491FF00131C0B /* diapering_surfaces_germs.html */ = {isa = PBXFileReference; fileEncoding = 4; lastKnownFileType = text.html; path = diapering_surfaces_germs.html; sourceTree = "<group>"; };
		6275B4DA18D4938300131C0B /* diapering_surfaces_what.html */ = {isa = PBXFileReference; fileEncoding = 4; lastKnownFileType = text.html; path = diapering_surfaces_what.html; sourceTree = "<group>"; };
		6275B4DC18D4A51E00131C0B /* sneezing_surfaces_activity.html */ = {isa = PBXFileReference; fileEncoding = 4; lastKnownFileType = text.html; path = sneezing_surfaces_activity.html; sourceTree = "<group>"; };
		62C1260B18E494C50019D669 /* sneezing_handwashing_links.html */ = {isa = PBXFileReference; fileEncoding = 4; lastKnownFileType = text.html; path = sneezing_handwashing_links.html; sourceTree = "<group>"; };
/* End PBXFileReference section */

/* Begin PBXFrameworksBuildPhase section */
		5488EBCB17D79F1D00CE26FA /* Frameworks */ = {
			isa = PBXFrameworksBuildPhase;
			buildActionMask = 2147483647;
			files = (
				5461CC0017F2208F0015884C /* QuartzCore.framework in Frameworks */,
				54BC112B17E34A9F00B9616C /* MessageUI.framework in Frameworks */,
				54169B1E17DEC9E600C7279E /* MediaPlayer.framework in Frameworks */,
				5488EBD217D79F1D00CE26FA /* UIKit.framework in Frameworks */,
				5488EBD417D79F1D00CE26FA /* Foundation.framework in Frameworks */,
				5488EBD617D79F1D00CE26FA /* CoreGraphics.framework in Frameworks */,
			);
			runOnlyForDeploymentPostprocessing = 0;
		};
/* End PBXFrameworksBuildPhase section */

/* Begin PBXGroup section */
		5413901B17EB704F004699F3 /* intro */ = {
			isa = PBXGroup;
			children = (
				5413901C17EB7070004699F3 /* acknowledgements.html */,
			);
			name = intro;
			sourceTree = "<group>";
		};
		54169AF417DE31AA00C7279E /* webpages */ = {
			isa = PBXGroup;
			children = (
				5413901B17EB704F004699F3 /* intro */,
				54169B0317DE412F00C7279E /* htmlpage.css */,
				54169B0017DE3FAD00C7279E /* eating */,
				54169AFF17DE3F7200C7279E /* sneezing */,
				54169AFE17DE3F6B00C7279E /* diapering */,
				54169AFD17DE3F5C00C7279E /* kitchen */,
				54169AFB17DE3F4A00C7279E /* family */,
				54169AF517DE31BA00C7279E /* test.html */,
			);
			name = webpages;
			sourceTree = "<group>";
		};
		54169AFB17DE3F4A00C7279E /* family */ = {
			isa = PBXGroup;
			children = (
				542F855717DF9AE900B706EB /* family_background.html */,
				54138FE717EA113D004699F3 /* family_handwashing_sanitizer.html */,
				54138FE817EA113D004699F3 /* family_handwashing_children.html */,
				54169B1517DE538800C7279E /* family_handwashing_starters.html */,
				54169B1617DE538800C7279E /* family_handwashing_videos.html */,
				54169B1717DE538800C7279E /* family_handwashing_links.html */,
				54169B1817DE538800C7279E /* family_handwashing_activities.html */,
				54169B0717DE42A900C7279E /* family_handwashing_hands.html */,
				54169B0817DE42A900C7279E /* family_handwashing_howto.html */,
				54169B0917DE42A900C7279E /* family_handwashing_soap.html */,
				54169B0517DE429E00C7279E /* family_handwashing_germs.html */,
			);
			name = family;
			sourceTree = "<group>";
		};
		54169AFD17DE3F5C00C7279E /* kitchen */ = {
			isa = PBXGroup;
			children = (
				54138FEB17EB6198004699F3 /* kitchen_handwashing_hands.html */,
				54138FEC17EB6198004699F3 /* kitchen_handwashing_starters.html */,
				54138FED17EB6198004699F3 /* kitchen_surfaces_choosing.html */,
				54138FEE17EB6198004699F3 /* kitchen_surfaces_germs.html */,
				54138FEF17EB6198004699F3 /* kitchen_surfaces_howto.html */,
				54138FF017EB6198004699F3 /* kitchen_surfaces_links.html */,
				54138FF117EB6198004699F3 /* kitchen_surfaces_specialinfo.html */,
				54138FF217EB6198004699F3 /* kitchen_surfaces_starters.html */,
				54138FF317EB6198004699F3 /* kitchen_surfaces_what.html */,
				542F855517DF9AC700B706EB /* kitchen_background.html */,
			);
			name = kitchen;
			sourceTree = "<group>";
		};
		54169AFE17DE3F6B00C7279E /* diapering */ = {
			isa = PBXGroup;
			children = (
				5413900517EB61BC004699F3 /* diapering_background.html */,
				5413900617EB61BC004699F3 /* diapering_handwashing_activity.html */,
				5413900717EB61BC004699F3 /* diapering_handwashing_starters.html */,
				5413900817EB61BC004699F3 /* diapering_surfaces_starters.html */,
				6275B4DA18D4938300131C0B /* diapering_surfaces_what.html */,
				6275B4D818D491FF00131C0B /* diapering_surfaces_germs.html */,
				54CD230C17F9F0F9002851D5 /* diapering_surfaces_links.html */,
			);
			name = diapering;
			sourceTree = "<group>";
		};
		54169AFF17DE3F7200C7279E /* sneezing */ = {
			isa = PBXGroup;
			children = (
				5413900D17EB61C8004699F3 /* sneezing_background.html */,
				62C1260B18E494C50019D669 /* sneezing_handwashing_links.html */,
				5413900E17EB61C8004699F3 /* sneezing_covering_germs.html */,
				5413900F17EB61C8004699F3 /* sneezing_covering_howto.html */,
				5413901017EB61C8004699F3 /* sneezing_covering_links.html */,
				5413901117EB61C8004699F3 /* sneezing_covering_starters.html */,
				6275B4D618D3A49D00131C0B /* sneezing_covering_activity.html */,
				5413901217EB61C8004699F3 /* sneezing_handwashing_starters.html */,
				5413901317EB61C8004699F3 /* sneezing_surfaces_starters.html */,
				6275B4DC18D4A51E00131C0B /* sneezing_surfaces_activity.html */,
			);
			name = sneezing;
			sourceTree = "<group>";
		};
		54169B0017DE3FAD00C7279E /* eating */ = {
			isa = PBXGroup;
			children = (
				54138FFD17EB61AB004699F3 /* eating_background.html */,
				54138FFE17EB61AB004699F3 /* eating_handwashing_activities.html */,
				54138FFF17EB61AB004699F3 /* eating_handwashing_starters.html */,
				5413900017EB61AB004699F3 /* eating_surfaces_activity.html */,
			);
			name = eating;
			sourceTree = "<group>";
		};
		545DF21D17E8CD7A00274609 /* app-icons */ = {
			isa = PBXGroup;
			children = (
				6271A8381961F27500814488 /* Icon-120.png */,
				5413901E17EBEDBF004699F3 /* iTunesArtwork@2x */,
				5413901F17EBEDBF004699F3 /* iTunesArtwork */,
				54138FE517E8FBE7004699F3 /* Icon-72@2x.png */,
				54138FD317E8F7E0004699F3 /* Icon-Small-50.png */,
				54138FE317E8F97E004699F3 /* Icon-72.png */,
				54138FD417E8F7E0004699F3 /* Icon-Small-50@2x.png */,
				54138FD517E8F7E0004699F3 /* Icon-Small.png */,
				54138FD617E8F7E0004699F3 /* Icon-Small@2x.png */,
				54138FD717E8F7E0004699F3 /* Icon.png */,
				54138FD817E8F7E0004699F3 /* Icon@2x.png */,
				54138FD917E8F7E0004699F3 /* Icon@2x~ipad.png */,
				54138FDA17E8F7E0004699F3 /* Icon~ipad.png */,
			);
			name = "app-icons";
			sourceTree = "<group>";
		};
		545DF21E17E8CD8600274609 /* launch-images */ = {
			isa = PBXGroup;
			children = (
				54CD230E17FB5FBD002851D5 /* Default-568h.png */,
				545DF23917E8D3A500274609 /* Default-568h@2x.png */,
				545DF23A17E8D3A500274609 /* Default.png */,
				545DF23B17E8D3A500274609 /* Default@2x.png */,
				545DF23C17E8D3A500274609 /* Default@2x~ipad.png */,
				545DF23D17E8D3A500274609 /* Default~ipad.png */,
			);
			name = "launch-images";
			sourceTree = "<group>";
		};
		5461CBFA17F216B20015884C /* cough */ = {
			isa = PBXGroup;
			children = (
				5461CBFB17F216CE0015884C /* coughing.mov */,
			);
			name = cough;
			sourceTree = "<group>";
		};
		5488EBC517D79F1D00CE26FA = {
			isa = PBXGroup;
			children = (
				5461CBFF17F2208F0015884C /* QuartzCore.framework */,
				54BC112A17E34A9F00B9616C /* MessageUI.framework */,
				54169B1D17DEC9E500C7279E /* MediaPlayer.framework */,
				5488EBD717D79F1D00CE26FA /* healthy-moments */,
				5488EBD017D79F1D00CE26FA /* Frameworks */,
				5488EBCF17D79F1D00CE26FA /* Products */,
			);
			sourceTree = "<group>";
		};
		5488EBCF17D79F1D00CE26FA /* Products */ = {
			isa = PBXGroup;
			children = (
				5488EBCE17D79F1D00CE26FA /* healthmoments.app */,
			);
			name = Products;
			sourceTree = "<group>";
		};
		5488EBD017D79F1D00CE26FA /* Frameworks */ = {
			isa = PBXGroup;
			children = (
				5488EBD117D79F1D00CE26FA /* UIKit.framework */,
				5488EBD317D79F1D00CE26FA /* Foundation.framework */,
				5488EBD517D79F1D00CE26FA /* CoreGraphics.framework */,
			);
			name = Frameworks;
			sourceTree = "<group>";
		};
		5488EBD717D79F1D00CE26FA /* healthy-moments */ = {
			isa = PBXGroup;
			children = (
				54F5C48317DA40A1001D1368 /* appdata.xml */,
				54891CFE17E0BFCB009C978D /* XMLParser.m */,
				54891CFD17E0BFB2009C978D /* XMLParser.h */,
				54891CFB17E0BF83009C978D /* headstart_appAppDelegate.m */,
				54891CFA17E0BF72009C978D /* headstart_appAppDelegate.h */,
				54891CEB17E0BDDB009C978D /* Screen Classes */,
				54891CEA17E0BDC0009C978D /* Node Classes */,
				54891CE017E0BCCA009C978D /* Video Classes */,
				5488EBE917D79F1D00CE26FA /* MainStoryboard_iPhone.storyboard */,
				5488EBEC17D79F1D00CE26FA /* MainStoryboard_iPad.storyboard */,
				5488EBD817D79F1D00CE26FA /* Supporting Files */,
				545DF21A17E7713600274609 /* NavController.h */,
				545DF21B17E7713600274609 /* NavController.m */,
			);
			path = "healthy-moments";
			sourceTree = "<group>";
		};
		5488EBD817D79F1D00CE26FA /* Supporting Files */ = {
			isa = PBXGroup;
			children = (
				54891D2E17E0D2C9009C978D /* videos */,
				54169AFA17DE3E5D00C7279E /* healthmoments-Prefix.pch */,
				54169AF417DE31AA00C7279E /* webpages */,
				5488EBF717D7A8CE00CE26FA /* images */,
				5488EBD917D79F1D00CE26FA /* healthmoments-Info.plist */,
				5488EBDA17D79F1D00CE26FA /* InfoPlist.strings */,
				5488EBDD17D79F1D00CE26FA /* main.m */,
			);
			name = "Supporting Files";
			sourceTree = "<group>";
		};
		5488EBF717D7A8CE00CE26FA /* images */ = {
			isa = PBXGroup;
			children = (
				545DF21E17E8CD8600274609 /* launch-images */,
				545DF21D17E8CD7A00274609 /* app-icons */,
				54891D3B17E0E9B3009C978D /* utility */,
				54891D3617E0E12E009C978D /* thumbnails */,
				5488EBF817D7A8EE00CE26FA /* buttons */,
			);
			name = images;
			sourceTree = "<group>";
		};
		5488EBF817D7A8EE00CE26FA /* buttons */ = {
			isa = PBXGroup;
			children = (
				5488EBFB17D7AA2700CE26FA /* cough.png */,
				5488EBFC17D7AA2700CE26FA /* food.png */,
				5488EBFD17D7AA2700CE26FA /* info-hd.png */,
				5488EBFE17D7AA2700CE26FA /* info.png */,
				5488EBFF17D7AA2700CE26FA /* kitchen.png */,
				5488EC0017D7AA2700CE26FA /* toiletpaper.png */,
				5488EC0117D7AA2700CE26FA /* visit.png */,
			);
			name = buttons;
			sourceTree = "<group>";
		};
		54891CE017E0BCCA009C978D /* Video Classes */ = {
			isa = PBXGroup;
			children = (
				54891CE117E0BD50009C978D /* VideoNode.h */,
				54891CE417E0BD81009C978D /* VideoList.h */,
				54891CE517E0BD81009C978D /* VideoList.m */,
				54891CE617E0BD81009C978D /* VideoPlayer.h */,
				54891CE717E0BD81009C978D /* VideoPlayer.m */,
				54891CE217E0BD50009C978D /* VideoNode.m */,
			);
			name = "Video Classes";
			sourceTree = "<group>";
		};
		54891CEA17E0BDC0009C978D /* Node Classes */ = {
			isa = PBXGroup;
			children = (
				54891CEC17E0BE3B009C978D /* Section.h */,
				54891CED17E0BE3B009C978D /* Section.m */,
				54891CEE17E0BE3B009C978D /* SubTopic.h */,
				54891CEF17E0BE3B009C978D /* SubTopic.m */,
				54891CF017E0BE3B009C978D /* Topic.h */,
				54891CF117E0BE3B009C978D /* Topic.m */,
			);
			name = "Node Classes";
			sourceTree = "<group>";
		};
		54891CEB17E0BDDB009C978D /* Screen Classes */ = {
			isa = PBXGroup;
			children = (
				54891D1E17E0C5B7009C978D /* InfoScreen.h */,
				54891D2A17E0C612009C978D /* headstart_appViewController.h */,
				54891D2B17E0C612009C978D /* headstart_appViewController.m */,
				54891D1F17E0C5B7009C978D /* InfoScreen.m */,
				54891D2017E0C5B7009C978D /* SecScreen.h */,
				54891D2117E0C5B7009C978D /* SecScreen.m */,
				54891D2217E0C5B7009C978D /* WebSlinger.h */,
				54891D2317E0C5B7009C978D /* WebSlinger.m */,
				54891D1817E0C563009C978D /* TertScreen.h */,
				54891D1917E0C563009C978D /* TertScreen.m */,
				54891D4117E24826009C978D /* SimBrowser.h */,
				54891D4217E24826009C978D /* SimBrowser.m */,
				54BC112C17E34AD700B9616C /* ContactScreen.h */,
				54BC112D17E34AD700B9616C /* ContactScreen.m */,
				54BC112F17E4BA4F00B9616C /* AboutScreen.h */,
				54BC113017E4BA4F00B9616C /* AboutScreen.m */,
			);
			name = "Screen Classes";
			sourceTree = "<group>";
		};
		54891D2E17E0D2C9009C978D /* videos */ = {
			isa = PBXGroup;
			children = (
				5461CBFA17F216B20015884C /* cough */,
				54891D2F17E0D2DF009C978D /* family */,
			);
			name = videos;
			sourceTree = "<group>";
		};
		54891D2F17E0D2DF009C978D /* family */ = {
			isa = PBXGroup;
			children = (
				5461CBFD17F216E70015884C /* handwashing_revised.mov */,
			);
			name = family;
			sourceTree = "<group>";
		};
		54891D3617E0E12E009C978D /* thumbnails */ = {
			isa = PBXGroup;
			children = (
				5461CBF617F2164E0015884C /* coughing_reduced-hd.png */,
				5461CBF717F2164E0015884C /* coughing_reduced.png */,
				54891D3717E0E59D009C978D /* handwashing_horiz_reduced.png */,
				54891D3817E0E59D009C978D /* handwashing_vert_reduced.png */,
			);
			name = thumbnails;
			sourceTree = "<group>";
		};
		54891D3B17E0E9B3009C978D /* utility */ = {
			isa = PBXGroup;
			children = (
				54891D3C17E0E9C7009C978D /* play_icon.png */,
			);
			name = utility;
			sourceTree = "<group>";
		};
/* End PBXGroup section */

/* Begin PBXNativeTarget section */
		5488EBCD17D79F1D00CE26FA /* healthmoments */ = {
			isa = PBXNativeTarget;
			buildConfigurationList = 5488EBF417D79F1D00CE26FA /* Build configuration list for PBXNativeTarget "healthmoments" */;
			buildPhases = (
				5488EBCA17D79F1D00CE26FA /* Sources */,
				5488EBCB17D79F1D00CE26FA /* Frameworks */,
				5488EBCC17D79F1D00CE26FA /* Resources */,
			);
			buildRules = (
			);
			dependencies = (
			);
			name = healthmoments;
			productName = "healthy-moments";
			productReference = 5488EBCE17D79F1D00CE26FA /* healthmoments.app */;
			productType = "com.apple.product-type.application";
		};
/* End PBXNativeTarget section */

/* Begin PBXProject section */
		5488EBC617D79F1D00CE26FA /* Project object */ = {
			isa = PBXProject;
			attributes = {
				CLASSPREFIX = headstart_app;
				LastUpgradeCheck = 0460;
				ORGANIZATIONNAME = "Katz, Nevin";
				TargetAttributes = {
					5488EBCD17D79F1D00CE26FA = {
						DevelopmentTeam = 8Q3AB3V369;
					};
				};
			};
			buildConfigurationList = 5488EBC917D79F1D00CE26FA /* Build configuration list for PBXProject "healthmoments" */;
			compatibilityVersion = "Xcode 3.2";
			developmentRegion = English;
			hasScannedForEncodings = 0;
			knownRegions = (
				en,
			);
			mainGroup = 5488EBC517D79F1D00CE26FA;
			productRefGroup = 5488EBCF17D79F1D00CE26FA /* Products */;
			projectDirPath = "";
			projectRoot = "";
			targets = (
				5488EBCD17D79F1D00CE26FA /* healthmoments */,
			);
		};
/* End PBXProject section */

/* Begin PBXResourcesBuildPhase section */
		5488EBCC17D79F1D00CE26FA /* Resources */ = {
			isa = PBXResourcesBuildPhase;
			buildActionMask = 2147483647;
			files = (
				5488EBDC17D79F1D00CE26FA /* InfoPlist.strings in Resources */,
				5488EBEB17D79F1D00CE26FA /* MainStoryboard_iPhone.storyboard in Resources */,
				5488EBEE17D79F1D00CE26FA /* MainStoryboard_iPad.storyboard in Resources */,
				5488EC0217D7AA2700CE26FA /* cough.png in Resources */,
				5488EC0317D7AA2700CE26FA /* food.png in Resources */,
				5488EC0417D7AA2700CE26FA /* info-hd.png in Resources */,
				5488EC0517D7AA2700CE26FA /* info.png in Resources */,
				5488EC0617D7AA2700CE26FA /* kitchen.png in Resources */,
				5488EC0717D7AA2700CE26FA /* toiletpaper.png in Resources */,
				5488EC0817D7AA2700CE26FA /* visit.png in Resources */,
				54F5C48417DA40A1001D1368 /* appdata.xml in Resources */,
				54169AF617DE31BA00C7279E /* test.html in Resources */,
				54169B0417DE412F00C7279E /* htmlpage.css in Resources */,
				62C1260C18E494C50019D669 /* sneezing_handwashing_links.html in Resources */,
				54169B0617DE429E00C7279E /* family_handwashing_germs.html in Resources */,
				54169B0A17DE42A900C7279E /* family_handwashing_hands.html in Resources */,
				54169B0B17DE42A900C7279E /* family_handwashing_howto.html in Resources */,
				54169B0C17DE42A900C7279E /* family_handwashing_soap.html in Resources */,
				54169B1917DE538800C7279E /* family_handwashing_starters.html in Resources */,
				54169B1A17DE538800C7279E /* family_handwashing_videos.html in Resources */,
				54169B1B17DE538800C7279E /* family_handwashing_links.html in Resources */,
				54169B1C17DE538800C7279E /* family_handwashing_activities.html in Resources */,
				542F855617DF9AC700B706EB /* kitchen_background.html in Resources */,
				542F855817DF9AE900B706EB /* family_background.html in Resources */,
				54891D3917E0E59D009C978D /* handwashing_horiz_reduced.png in Resources */,
				6275B4D718D3A49D00131C0B /* sneezing_covering_activity.html in Resources */,
				54891D3A17E0E59D009C978D /* handwashing_vert_reduced.png in Resources */,
				54891D3D17E0E9C7009C978D /* play_icon.png in Resources */,
				6275B4D918D491FF00131C0B /* diapering_surfaces_germs.html in Resources */,
				545DF23E17E8D3A500274609 /* Default-568h@2x.png in Resources */,
				545DF23F17E8D3A500274609 /* Default.png in Resources */,
				545DF24017E8D3A500274609 /* Default@2x.png in Resources */,
				545DF24117E8D3A500274609 /* Default@2x~ipad.png in Resources */,
				545DF24217E8D3A500274609 /* Default~ipad.png in Resources */,
				6275B4DB18D4938400131C0B /* diapering_surfaces_what.html in Resources */,
				54138FDB17E8F7E0004699F3 /* Icon-Small-50.png in Resources */,
				54138FDC17E8F7E0004699F3 /* Icon-Small-50@2x.png in Resources */,
				54138FDD17E8F7E0004699F3 /* Icon-Small.png in Resources */,
				54138FDE17E8F7E0004699F3 /* Icon-Small@2x.png in Resources */,
				54138FDF17E8F7E0004699F3 /* Icon.png in Resources */,
				54138FE017E8F7E0004699F3 /* Icon@2x.png in Resources */,
				54138FE117E8F7E0004699F3 /* Icon@2x~ipad.png in Resources */,
				54138FE217E8F7E0004699F3 /* Icon~ipad.png in Resources */,
				54138FE417E8F97E004699F3 /* Icon-72.png in Resources */,
				54138FE617E8FBE7004699F3 /* Icon-72@2x.png in Resources */,
				54138FE917EA113D004699F3 /* family_handwashing_sanitizer.html in Resources */,
				6271A8391961F27500814488 /* Icon-120.png in Resources */,
				54138FEA17EA113D004699F3 /* family_handwashing_children.html in Resources */,
				54138FF417EB6198004699F3 /* kitchen_handwashing_hands.html in Resources */,
				54138FF517EB6198004699F3 /* kitchen_handwashing_starters.html in Resources */,
				54138FF617EB6198004699F3 /* kitchen_surfaces_choosing.html in Resources */,
				54138FF717EB6198004699F3 /* kitchen_surfaces_germs.html in Resources */,
				54138FF817EB6198004699F3 /* kitchen_surfaces_howto.html in Resources */,
				54138FF917EB6198004699F3 /* kitchen_surfaces_links.html in Resources */,
				54138FFA17EB6198004699F3 /* kitchen_surfaces_specialinfo.html in Resources */,
				54138FFB17EB6198004699F3 /* kitchen_surfaces_starters.html in Resources */,
				54138FFC17EB6198004699F3 /* kitchen_surfaces_what.html in Resources */,
				5413900117EB61AB004699F3 /* eating_background.html in Resources */,
				6275B4DD18D4A51E00131C0B /* sneezing_surfaces_activity.html in Resources */,
				5413900217EB61AB004699F3 /* eating_handwashing_activities.html in Resources */,
				5413900317EB61AB004699F3 /* eating_handwashing_starters.html in Resources */,
				5413900417EB61AB004699F3 /* eating_surfaces_activity.html in Resources */,
				5413900917EB61BC004699F3 /* diapering_background.html in Resources */,
				5413900A17EB61BC004699F3 /* diapering_handwashing_activity.html in Resources */,
				5413900B17EB61BC004699F3 /* diapering_handwashing_starters.html in Resources */,
				5413900C17EB61BC004699F3 /* diapering_surfaces_starters.html in Resources */,
				5413901417EB61C8004699F3 /* sneezing_background.html in Resources */,
				5413901517EB61C8004699F3 /* sneezing_covering_germs.html in Resources */,
				5413901617EB61C8004699F3 /* sneezing_covering_howto.html in Resources */,
				5413901717EB61C8004699F3 /* sneezing_covering_links.html in Resources */,
				5413901817EB61C8004699F3 /* sneezing_covering_starters.html in Resources */,
				5413901917EB61C8004699F3 /* sneezing_handwashing_starters.html in Resources */,
				5413901A17EB61C8004699F3 /* sneezing_surfaces_starters.html in Resources */,
				5413901D17EB7070004699F3 /* acknowledgements.html in Resources */,
				5413902017EBEDBF004699F3 /* iTunesArtwork@2x in Resources */,
				5413902117EBEDBF004699F3 /* iTunesArtwork in Resources */,
				5461CBF817F2164E0015884C /* coughing_reduced-hd.png in Resources */,
				5461CBF917F2164E0015884C /* coughing_reduced.png in Resources */,
				5461CBFC17F216CE0015884C /* coughing.mov in Resources */,
				5461CBFE17F216E70015884C /* handwashing_revised.mov in Resources */,
				54CD230D17F9F0F9002851D5 /* diapering_surfaces_links.html in Resources */,
				54CD230F17FB5FBD002851D5 /* Default-568h.png in Resources */,
			);
			runOnlyForDeploymentPostprocessing = 0;
		};
/* End PBXResourcesBuildPhase section */

/* Begin PBXSourcesBuildPhase section */
		5488EBCA17D79F1D00CE26FA /* Sources */ = {
			isa = PBXSourcesBuildPhase;
			buildActionMask = 2147483647;
			files = (
				54891D2D17E0C61F009C978D /* headstart_appViewController.m in Sources */,
				5488EBDE17D79F1D00CE26FA /* main.m in Sources */,
				54891CE317E0BD50009C978D /* VideoNode.m in Sources */,
				54891CE817E0BD81009C978D /* VideoList.m in Sources */,
				54891CE917E0BD81009C978D /* VideoPlayer.m in Sources */,
				54891CF217E0BE3B009C978D /* Section.m in Sources */,
				54891CF317E0BE3B009C978D /* SubTopic.m in Sources */,
				54891CF417E0BE3B009C978D /* Topic.m in Sources */,
				54891CFC17E0BF83009C978D /* headstart_appAppDelegate.m in Sources */,
				54891CFF17E0BFCB009C978D /* XMLParser.m in Sources */,
				54891D1A17E0C563009C978D /* TertScreen.m in Sources */,
				54891D2417E0C5B7009C978D /* InfoScreen.m in Sources */,
				54891D2517E0C5B7009C978D /* SecScreen.m in Sources */,
				54891D2617E0C5B7009C978D /* WebSlinger.m in Sources */,
				54891D4317E24827009C978D /* SimBrowser.m in Sources */,
				54BC112E17E34AD700B9616C /* ContactScreen.m in Sources */,
				54BC113117E4BA5000B9616C /* AboutScreen.m in Sources */,
				545DF21C17E7713600274609 /* NavController.m in Sources */,
			);
			runOnlyForDeploymentPostprocessing = 0;
		};
/* End PBXSourcesBuildPhase section */

/* Begin PBXVariantGroup section */
		5488EBDA17D79F1D00CE26FA /* InfoPlist.strings */ = {
			isa = PBXVariantGroup;
			children = (
				5488EBDB17D79F1D00CE26FA /* en */,
			);
			name = InfoPlist.strings;
			sourceTree = "<group>";
		};
		5488EBE917D79F1D00CE26FA /* MainStoryboard_iPhone.storyboard */ = {
			isa = PBXVariantGroup;
			children = (
				5488EBEA17D79F1D00CE26FA /* en */,
			);
			name = MainStoryboard_iPhone.storyboard;
			sourceTree = "<group>";
		};
		5488EBEC17D79F1D00CE26FA /* MainStoryboard_iPad.storyboard */ = {
			isa = PBXVariantGroup;
			children = (
				5488EBED17D79F1D00CE26FA /* en */,
			);
			name = MainStoryboard_iPad.storyboard;
			sourceTree = "<group>";
		};
/* End PBXVariantGroup section */

/* Begin XCBuildConfiguration section */
		5488EBF217D79F1D00CE26FA /* Debug */ = {
			isa = XCBuildConfiguration;
			buildSettings = {
				ALWAYS_SEARCH_USER_PATHS = NO;
				CLANG_CXX_LANGUAGE_STANDARD = "gnu++0x";
				CLANG_CXX_LIBRARY = "libc++";
				CLANG_ENABLE_OBJC_ARC = YES;
				CLANG_WARN_CONSTANT_CONVERSION = YES;
				CLANG_WARN_EMPTY_BODY = YES;
				CLANG_WARN_ENUM_CONVERSION = YES;
				CLANG_WARN_INT_CONVERSION = YES;
				CLANG_WARN__DUPLICATE_METHOD_MATCH = YES;
				CODE_SIGN_IDENTITY = "iPhone Distribution: Nevin Katz Jr. (8Q3AB3V369)";
				"CODE_SIGN_IDENTITY[sdk=iphoneos*]" = "iPhone Distribution: Nevin Katz Jr. (8Q3AB3V369)";
				COPY_PHASE_STRIP = NO;
				GCC_C_LANGUAGE_STANDARD = gnu99;
				GCC_DYNAMIC_NO_PIC = NO;
				GCC_OPTIMIZATION_LEVEL = 0;
				GCC_PREPROCESSOR_DEFINITIONS = (
					"DEBUG=1",
					"$(inherited)",
				);
				GCC_SYMBOLS_PRIVATE_EXTERN = NO;
				GCC_WARN_ABOUT_RETURN_TYPE = YES;
				GCC_WARN_UNINITIALIZED_AUTOS = YES;
				GCC_WARN_UNUSED_VARIABLE = YES;
				IPHONEOS_DEPLOYMENT_TARGET = 6.0;
				ONLY_ACTIVE_ARCH = YES;
				SDKROOT = iphoneos;
				TARGETED_DEVICE_FAMILY = "1,2";
			};
			name = Debug;
		};
		5488EBF317D79F1D00CE26FA /* Release */ = {
			isa = XCBuildConfiguration;
			buildSettings = {
				ALWAYS_SEARCH_USER_PATHS = NO;
				CLANG_CXX_LANGUAGE_STANDARD = "gnu++0x";
				CLANG_CXX_LIBRARY = "libc++";
				CLANG_ENABLE_OBJC_ARC = YES;
				CLANG_WARN_CONSTANT_CONVERSION = YES;
				CLANG_WARN_EMPTY_BODY = YES;
				CLANG_WARN_ENUM_CONVERSION = YES;
				CLANG_WARN_INT_CONVERSION = YES;
				CLANG_WARN__DUPLICATE_METHOD_MATCH = YES;
				CODE_SIGN_IDENTITY = "iPhone Distribution: Nevin Katz Jr. (8Q3AB3V369)";
				"CODE_SIGN_IDENTITY[sdk=iphoneos*]" = "iPhone Distribution: Nevin Katz Jr. (8Q3AB3V369)";
				COPY_PHASE_STRIP = YES;
				GCC_C_LANGUAGE_STANDARD = gnu99;
				GCC_WARN_ABOUT_RETURN_TYPE = YES;
				GCC_WARN_UNINITIALIZED_AUTOS = YES;
				GCC_WARN_UNUSED_VARIABLE = YES;
				IPHONEOS_DEPLOYMENT_TARGET = 6.0;
				OTHER_CFLAGS = "-DNS_BLOCK_ASSERTIONS=1";
				SDKROOT = iphoneos;
				TARGETED_DEVICE_FAMILY = "1,2";
				VALIDATE_PRODUCT = NO;
			};
			name = Release;
		};
		5488EBF517D79F1D00CE26FA /* Debug */ = {
			isa = XCBuildConfiguration;
			buildSettings = {
				CODE_SIGN_IDENTITY = "iPhone Distribution";
				"CODE_SIGN_IDENTITY[sdk=iphoneos*]" = "iPhone Distribution";
				GCC_PRECOMPILE_PREFIX_HEADER = YES;
				GCC_PREFIX_HEADER = "healthy-moments/healthmoments-Prefix.pch";
				INFOPLIST_FILE = "healthy-moments/healthmoments-Info.plist";
				IPHONEOS_DEPLOYMENT_TARGET = 6.0;
				"OTHER_CODE_SIGN_FLAGS[sdk=*]" = "";
				PRODUCT_NAME = healthmoments;
				PROVISIONING_PROFILE = "A10FDCE7-9B1E-484A-A57B-4189F1B1A42C";
				TARGETED_DEVICE_FAMILY = 1;
				WRAPPER_EXTENSION = app;
			};
			name = Debug;
		};
		5488EBF617D79F1D00CE26FA /* Release */ = {
			isa = XCBuildConfiguration;
			buildSettings = {
				CODE_SIGN_IDENTITY = "iPhone Distribution";
				"CODE_SIGN_IDENTITY[sdk=iphoneos*]" = "iPhone Distribution";
				GCC_PRECOMPILE_PREFIX_HEADER = YES;
				GCC_PREFIX_HEADER = "healthy-moments/healthmoments-Prefix.pch";
				INFOPLIST_FILE = "healthy-moments/healthmoments-Info.plist";
				IPHONEOS_DEPLOYMENT_TARGET = 6.0;
				PRODUCT_NAME = healthmoments;
				PROVISIONING_PROFILE = "A10FDCE7-9B1E-484A-A57B-4189F1B1A42C";
				TARGETED_DEVICE_FAMILY = 1;
				WRAPPER_EXTENSION = app;
			};
			name = Release;
		};
/* End XCBuildConfiguration section */

/* Begin XCConfigurationList section */
		5488EBC917D79F1D00CE26FA /* Build configuration list for PBXProject "healthmoments" */ = {
			isa = XCConfigurationList;
			buildConfigurations = (
				5488EBF217D79F1D00CE26FA /* Debug */,
				5488EBF317D79F1D00CE26FA /* Release */,
			);
			defaultConfigurationIsVisible = 0;
			defaultConfigurationName = Release;
		};
		5488EBF417D79F1D00CE26FA /* Build configuration list for PBXNativeTarget "healthmoments" */ = {
			isa = XCConfigurationList;
			buildConfigurations = (
				5488EBF517D79F1D00CE26FA /* Debug */,
				5488EBF617D79F1D00CE26FA /* Release */,
			);
			defaultConfigurationIsVisible = 0;
			defaultConfigurationName = Release;
		};
/* End XCConfigurationList section */
	};
	rootObject = 5488EBC617D79F1D00CE26FA /* Project object */;
}
